
Microsoft Visual Studio Solution File, Format Version 12.00
Project("{FAE04EC0-301F-11D3-BF4B-00C04F79EFBC}") = "EnumExample", "EnumExample\EnumExample.csproj", "{786413F9-25B3-4E41-AF3A-6422AA6C9EBD}"
EndProject
Global
	GlobalSection(SolutionConfigurationPlatforms) = preSolution
		Debug|Any CPU = Debug|Any CPU
		Release|Any CPU = Release|Any CPU
	EndGlobalSection
	GlobalSection(ProjectConfigurationPlatforms) = postSolution
		{786413F9-25B3-4E41-AF3A-6422AA6C9EBD}.Debug|Any CPU.ActiveCfg = Debug|Any CPU
		{786413F9-25B3-4E41-AF3A-6422AA6C9EBD}.Debug|Any CPU.Build.0 = Debug|Any CPU
		{786413F9-25B3-4E41-AF3A-6422AA6C9EBD}.Release|Any CPU.ActiveCfg = Release|Any CPU
		{786413F9-25B3-4E41-AF3A-6422AA6C9EBD}.Release|Any CPU.Build.0 = Release|Any CPU
	EndGlobalSection
EndGlobal
